
Microsoft Visual Studio Solution File, Format Version 12.00
# Visual Studio Version 17
VisualStudioVersion = 17.2.32526.322
MinimumVisualStudioVersion = 10.0.40219.1
Project("{9A19103F-16F7-4668-BE54-9A1E7A4F7556}") = "BE_2505", "BE_2505\BE_2505.csproj", "{B2A5C6D9-5463-419F-B3E8-7B3F2A28B3F6}"
EndProject
Project("{FAE04EC0-301F-11D3-BF4B-00C04F79EFBC}") = "ConsoleApp_NetFrameWork", "ConsoleApp_NetFrameWork\ConsoleApp_NetFrameWork.csproj", "{8227C57D-BB35-4C4A-933D-4C082DF02DD0}"
EndProject
Project("{FAE04EC0-301F-11D3-BF4B-00C04F79EFBC}") = "BE_2505.Common", "BE_2505.Common\BE_2505.Common.csproj", "{F8EA1052-D6EF-4357-9C0A-12379DCCF1E1}"
EndProject
Project("{FAE04EC0-301F-11D3-BF4B-00C04F79EFBC}") = "BE_2505.DataAccess", "BE_2505.DataAccess\BE_2505.DataAccess.csproj", "{AEE67B96-EF2A-413B-8D38-DF099BFDD4D4}"
EndProject
Project("{FAE04EC0-301F-11D3-BF4B-00C04F79EFBC}") = "WebMVC_NetFrameWork", "WebMVC_NetFrameWork\WebMVC_NetFrameWork.csproj", "{75F78A9D-0763-4A39-BEEB-6B07472BCC76}"
EndProject
Project("{9A19103F-16F7-4668-BE54-9A1E7A4F7556}") = "WebMVC_NetCore", "WebMVC_NetCore\WebMVC_NetCore.csproj", "{222BE8E8-5152-42FE-BC81-65C2A05F27B7}"
EndProject
Project("{9A19103F-16F7-4668-BE54-9A1E7A4F7556}") = "BE_2505.DataAccess.Netcore", "BE_2505.DataAccess.Netcore\BE_2505.DataAccess.Netcore.csproj", "{532B0C58-2211-4420-91F0-4EEAB8D32092}"
EndProject
Project("{9A19103F-16F7-4668-BE54-9A1E7A4F7556}") = "BE_2505.Common.Netcore", "BE_2505.Common.Netcore\BE_2505.Common.Netcore.csproj", "{0C72346F-7C81-492F-9149-C19520E963CC}"
EndProject
Project("{9A19103F-16F7-4668-BE54-9A1E7A4F7556}") = "BE_2505_NetCoreAPI", "BE_2505_NetCoreAPI\BE_2505_NetCoreAPI.csproj", "{5A0B7CBD-39A6-41EF-A07E-A520577DD722}"
EndProject
Project("{2150E333-8FDC-42A3-9474-1A3956D46DE8}") = "src", "src", "{30010BC2-E53E-4AD5-8D8C-70C58FCB869A}"
EndProject
Project("{FAE04EC0-301F-11D3-BF4B-00C04F79EFBC}") = "Application", "Application\Application.csproj", "{B57CE2CE-BA02-406F-8F04-A14EC367F678}"
EndProject
Project("{FAE04EC0-301F-11D3-BF4B-00C04F79EFBC}") = "Infrastructure", "Infrastructure\Infrastructure.csproj", "{D9C6439C-465E-4A48-8F6F-F1E17607A9E7}"
EndProject
Project("{FAE04EC0-301F-11D3-BF4B-00C04F79EFBC}") = "Domain", "Domain\Domain.csproj", "{AB9DB626-900A-4579-977C-7965154005CE}"
EndProject
Global
	GlobalSection(SolutionConfigurationPlatforms) = preSolution
		Debug|Any CPU = Debug|Any CPU
		Release|Any CPU = Release|Any CPU
	EndGlobalSection
	GlobalSection(ProjectConfigurationPlatforms) = postSolution
		{B2A5C6D9-5463-419F-B3E8-7B3F2A28B3F6}.Debug|Any CPU.ActiveCfg = Debug|Any CPU
		{B2A5C6D9-5463-419F-B3E8-7B3F2A28B3F6}.Debug|Any CPU.Build.0 = Debug|Any CPU
		{B2A5C6D9-5463-419F-B3E8-7B3F2A28B3F6}.Release|Any CPU.ActiveCfg = Release|Any CPU
		{B2A5C6D9-5463-419F-B3E8-7B3F2A28B3F6}.Release|Any CPU.Build.0 = Release|Any CPU
		{8227C57D-BB35-4C4A-933D-4C082DF02DD0}.Debug|Any CPU.ActiveCfg = Debug|Any CPU
		{8227C57D-BB35-4C4A-933D-4C082DF02DD0}.Debug|Any CPU.Build.0 = Debug|Any CPU
		{8227C57D-BB35-4C4A-933D-4C082DF02DD0}.Release|Any CPU.ActiveCfg = Release|Any CPU
		{8227C57D-BB35-4C4A-933D-4C082DF02DD0}.Release|Any CPU.Build.0 = Release|Any CPU
		{F8EA1052-D6EF-4357-9C0A-12379DCCF1E1}.Debug|Any CPU.ActiveCfg = Debug|Any CPU
		{F8EA1052-D6EF-4357-9C0A-12379DCCF1E1}.Debug|Any CPU.Build.0 = Debug|Any CPU
		{F8EA1052-D6EF-4357-9C0A-12379DCCF1E1}.Release|Any CPU.ActiveCfg = Release|Any CPU
		{F8EA1052-D6EF-4357-9C0A-12379DCCF1E1}.Release|Any CPU.Build.0 = Release|Any CPU
		{AEE67B96-EF2A-413B-8D38-DF099BFDD4D4}.Debug|Any CPU.ActiveCfg = Debug|Any CPU
		{AEE67B96-EF2A-413B-8D38-DF099BFDD4D4}.Debug|Any CPU.Build.0 = Debug|Any CPU
		{AEE67B96-EF2A-413B-8D38-DF099BFDD4D4}.Release|Any CPU.ActiveCfg = Release|Any CPU
		{AEE67B96-EF2A-413B-8D38-DF099BFDD4D4}.Release|Any CPU.Build.0 = Release|Any CPU
		{75F78A9D-0763-4A39-BEEB-6B07472BCC76}.Debug|Any CPU.ActiveCfg = Debug|Any CPU
		{75F78A9D-0763-4A39-BEEB-6B07472BCC76}.Debug|Any CPU.Build.0 = Debug|Any CPU
		{75F78A9D-0763-4A39-BEEB-6B07472BCC76}.Release|Any CPU.ActiveCfg = Release|Any CPU
		{75F78A9D-0763-4A39-BEEB-6B07472BCC76}.Release|Any CPU.Build.0 = Release|Any CPU
		{222BE8E8-5152-42FE-BC81-65C2A05F27B7}.Debug|Any CPU.ActiveCfg = Debug|Any CPU
		{222BE8E8-5152-42FE-BC81-65C2A05F27B7}.Debug|Any CPU.Build.0 = Debug|Any CPU
		{222BE8E8-5152-42FE-BC81-65C2A05F27B7}.Release|Any CPU.ActiveCfg = Release|Any CPU
		{222BE8E8-5152-42FE-BC81-65C2A05F27B7}.Release|Any CPU.Build.0 = Release|Any CPU
		{532B0C58-2211-4420-91F0-4EEAB8D32092}.Debug|Any CPU.ActiveCfg = Debug|Any CPU
		{532B0C58-2211-4420-91F0-4EEAB8D32092}.Debug|Any CPU.Build.0 = Debug|Any CPU
		{532B0C58-2211-4420-91F0-4EEAB8D32092}.Release|Any CPU.ActiveCfg = Release|Any CPU
		{532B0C58-2211-4420-91F0-4EEAB8D32092}.Release|Any CPU.Build.0 = Release|Any CPU
		{0C72346F-7C81-492F-9149-C19520E963CC}.Debug|Any CPU.ActiveCfg = Debug|Any CPU
		{0C72346F-7C81-492F-9149-C19520E963CC}.Debug|Any CPU.Build.0 = Debug|Any CPU
		{0C72346F-7C81-492F-9149-C19520E963CC}.Release|Any CPU.ActiveCfg = Release|Any CPU
		{0C72346F-7C81-492F-9149-C19520E963CC}.Release|Any CPU.Build.0 = Release|Any CPU
		{5A0B7CBD-39A6-41EF-A07E-A520577DD722}.Debug|Any CPU.ActiveCfg = Debug|Any CPU
		{5A0B7CBD-39A6-41EF-A07E-A520577DD722}.Debug|Any CPU.Build.0 = Debug|Any CPU
		{5A0B7CBD-39A6-41EF-A07E-A520577DD722}.Release|Any CPU.ActiveCfg = Release|Any CPU
		{5A0B7CBD-39A6-41EF-A07E-A520577DD722}.Release|Any CPU.Build.0 = Release|Any CPU
		{B57CE2CE-BA02-406F-8F04-A14EC367F678}.Debug|Any CPU.ActiveCfg = Debug|Any CPU
		{B57CE2CE-BA02-406F-8F04-A14EC367F678}.Debug|Any CPU.Build.0 = Debug|Any CPU
		{B57CE2CE-BA02-406F-8F04-A14EC367F678}.Release|Any CPU.ActiveCfg = Release|Any CPU
		{B57CE2CE-BA02-406F-8F04-A14EC367F678}.Release|Any CPU.Build.0 = Release|Any CPU
		{D9C6439C-465E-4A48-8F6F-F1E17607A9E7}.Debug|Any CPU.ActiveCfg = Debug|Any CPU
		{D9C6439C-465E-4A48-8F6F-F1E17607A9E7}.Debug|Any CPU.Build.0 = Debug|Any CPU
		{D9C6439C-465E-4A48-8F6F-F1E17607A9E7}.Release|Any CPU.ActiveCfg = Release|Any CPU
		{D9C6439C-465E-4A48-8F6F-F1E17607A9E7}.Release|Any CPU.Build.0 = Release|Any CPU
		{AB9DB626-900A-4579-977C-7965154005CE}.Debug|Any CPU.ActiveCfg = Debug|Any CPU
		{AB9DB626-900A-4579-977C-7965154005CE}.Debug|Any CPU.Build.0 = Debug|Any CPU
		{AB9DB626-900A-4579-977C-7965154005CE}.Release|Any CPU.ActiveCfg = Release|Any CPU
		{AB9DB626-900A-4579-977C-7965154005CE}.Release|Any CPU.Build.0 = Release|Any CPU
	EndGlobalSection
	GlobalSection(SolutionProperties) = preSolution
		HideSolutionNode = FALSE
	EndGlobalSection
	GlobalSection(NestedProjects) = preSolution
		{B57CE2CE-BA02-406F-8F04-A14EC367F678} = {30010BC2-E53E-4AD5-8D8C-70C58FCB869A}
		{D9C6439C-465E-4A48-8F6F-F1E17607A9E7} = {30010BC2-E53E-4AD5-8D8C-70C58FCB869A}
		{AB9DB626-900A-4579-977C-7965154005CE} = {30010BC2-E53E-4AD5-8D8C-70C58FCB869A}
	EndGlobalSection
	GlobalSection(ExtensibilityGlobals) = postSolution
		SolutionGuid = {A3A5A8E5-E6ED-4061-8A90-3036E285E6D5}
	EndGlobalSection
EndGlobal
